
Microsoft Visual Studio Solution File, Format Version 12.00
# Visual Studio Version 17
VisualStudioVersion = 17.1.32228.430
MinimumVisualStudioVersion = 10.0.40219.1
Project("{8BC9CEB8-8B4A-11D0-8D11-00A0C91BC942}") = "0506Exercise", "0506Exercise\0506Exercise.vcxproj", "{EAA15B98-A76C-4685-B884-ED4C4856BBB9}"
EndProject
Global
	GlobalSection(SolutionConfigurationPlatforms) = preSolution
		Debug|x64 = Debug|x64
		Debug|x86 = Debug|x86
		Release|x64 = Release|x64
		Release|x86 = Release|x86
	EndGlobalSection
	GlobalSection(ProjectConfigurationPlatforms) = postSolution
		{EAA15B98-A76C-4685-B884-ED4C4856BBB9}.Debug|x64.ActiveCfg = Debug|x64
		{EAA15B98-A76C-4685-B884-ED4C4856BBB9}.Debug|x64.Build.0 = Debug|x64
		{EAA15B98-A76C-4685-B884-ED4C4856BBB9}.Debug|x86.ActiveCfg = Debug|Win32
		{EAA15B98-A76C-4685-B884-ED4C4856BBB9}.Debug|x86.Build.0 = Debug|Win32
		{EAA15B98-A76C-4685-B884-ED4C4856BBB9}.Release|x64.ActiveCfg = Release|x64
		{EAA15B98-A76C-4685-B884-ED4C4856BBB9}.Release|x64.Build.0 = Release|x64
		{EAA15B98-A76C-4685-B884-ED4C4856BBB9}.Release|x86.ActiveCfg = Release|Win32
		{EAA15B98-A76C-4685-B884-ED4C4856BBB9}.Release|x86.Build.0 = Release|Win32
	EndGlobalSection
	GlobalSection(SolutionProperties) = preSolution
		HideSolutionNode = FALSE
	EndGlobalSection
	GlobalSection(ExtensibilityGlobals) = postSolution
		SolutionGuid = {59395650-C2C7-45A6-86F3-4F97151095E9}
	EndGlobalSection
EndGlobal
